
Microsoft Visual Studio Solution File, Format Version 12.00
# Visual Studio Version 17
VisualStudioVersion = 17.5.002.0
MinimumVisualStudioVersion = 10.0.40219.1
Project("{9A19103F-16F7-4668-BE54-9A1E7A4F7556}") = "Personal", "Personal.csproj", "{A81C37C0-5FAE-4301-8594-2CC2467A4594}"
EndProject
Global
	GlobalSection(SolutionConfigurationPlatforms) = preSolution
		Debug|Any CPU = Debug|Any CPU
		Release|Any CPU = Release|Any CPU
	EndGlobalSection
	GlobalSection(ProjectConfigurationPlatforms) = postSolution
		{A81C37C0-5FAE-4301-8594-2CC2467A4594}.Debug|Any CPU.ActiveCfg = Debug|Any CPU
		{A81C37C0-5FAE-4301-8594-2CC2467A4594}.Debug|Any CPU.Build.0 = Debug|Any CPU
		{A81C37C0-5FAE-4301-8594-2CC2467A4594}.Release|Any CPU.ActiveCfg = Release|Any CPU
		{A81C37C0-5FAE-4301-8594-2CC2467A4594}.Release|Any CPU.Build.0 = Release|Any CPU
	EndGlobalSection
	GlobalSection(SolutionProperties) = preSolution
		HideSolutionNode = FALSE
	EndGlobalSection
	GlobalSection(ExtensibilityGlobals) = postSolution
		SolutionGuid = {AE539747-EABE-4FF3-8003-37A85CA4E78B}
	EndGlobalSection
EndGlobal
